
Microsoft Visual Studio Solution File, Format Version 12.00
# Visual Studio 2013
VisualStudioVersion = 12.0.30501.0
MinimumVisualStudioVersion = 10.0.40219.1
Project("{FAE04EC0-301F-11D3-BF4B-00C04F79EFBC}") = "App1", "App1\App1.csproj", "{1EBDCAF1-0CCD-4328-8E89-2F8DDDED7928}"
EndProject
Project("{FAE04EC0-301F-11D3-BF4B-00C04F79EFBC}") = "App1.Tests", "App1.Tests\App1.Tests.csproj", "{A3F0BB97-0967-46A2-AE79-94A2D5C55664}"
EndProject
Global
	GlobalSection(SolutionConfigurationPlatforms) = preSolution
		Debug|Any CPU = Debug|Any CPU
		Release|Any CPU = Release|Any CPU
	EndGlobalSection
	GlobalSection(ProjectConfigurationPlatforms) = postSolution
		{1EBDCAF1-0CCD-4328-8E89-2F8DDDED7928}.Debug|Any CPU.ActiveCfg = Debug|Any CPU
		{1EBDCAF1-0CCD-4328-8E89-2F8DDDED7928}.Debug|Any CPU.Build.0 = Debug|Any CPU
		{1EBDCAF1-0CCD-4328-8E89-2F8DDDED7928}.Release|Any CPU.ActiveCfg = Release|Any CPU
		{1EBDCAF1-0CCD-4328-8E89-2F8DDDED7928}.Release|Any CPU.Build.0 = Release|Any CPU
		{A3F0BB97-0967-46A2-AE79-94A2D5C55664}.Debug|Any CPU.ActiveCfg = Debug|Any CPU
		{A3F0BB97-0967-46A2-AE79-94A2D5C55664}.Debug|Any CPU.Build.0 = Debug|Any CPU
		{A3F0BB97-0967-46A2-AE79-94A2D5C55664}.Release|Any CPU.ActiveCfg = Release|Any CPU
		{A3F0BB97-0967-46A2-AE79-94A2D5C55664}.Release|Any CPU.Build.0 = Release|Any CPU
	EndGlobalSection
	GlobalSection(SolutionProperties) = preSolution
		HideSolutionNode = FALSE
	EndGlobalSection
EndGlobal
