
Microsoft Visual Studio Solution File, Format Version 12.00
# Visual Studio 2013
VisualStudioVersion = 12.0.30501.0
MinimumVisualStudioVersion = 10.0.40219.1
Project("{FAE04EC0-301F-11D3-BF4B-00C04F79EFBC}") = "App2", "App2\App2.csproj", "{EE9C9DB6-4B8B-4A64-80FA-708F34663FBC}"
EndProject
Project("{FAE04EC0-301F-11D3-BF4B-00C04F79EFBC}") = "App2.Tests", "App2.Tests\App2.Tests.csproj", "{94E835A0-0CAB-4E11-8CEB-5DFF6353CE4B}"
EndProject
Global
	GlobalSection(SolutionConfigurationPlatforms) = preSolution
		Debug|Any CPU = Debug|Any CPU
		Release|Any CPU = Release|Any CPU
	EndGlobalSection
	GlobalSection(ProjectConfigurationPlatforms) = postSolution
		{EE9C9DB6-4B8B-4A64-80FA-708F34663FBC}.Debug|Any CPU.ActiveCfg = Debug|Any CPU
		{EE9C9DB6-4B8B-4A64-80FA-708F34663FBC}.Debug|Any CPU.Build.0 = Debug|Any CPU
		{EE9C9DB6-4B8B-4A64-80FA-708F34663FBC}.Release|Any CPU.ActiveCfg = Release|Any CPU
		{EE9C9DB6-4B8B-4A64-80FA-708F34663FBC}.Release|Any CPU.Build.0 = Release|Any CPU
		{94E835A0-0CAB-4E11-8CEB-5DFF6353CE4B}.Debug|Any CPU.ActiveCfg = Debug|Any CPU
		{94E835A0-0CAB-4E11-8CEB-5DFF6353CE4B}.Debug|Any CPU.Build.0 = Debug|Any CPU
		{94E835A0-0CAB-4E11-8CEB-5DFF6353CE4B}.Release|Any CPU.ActiveCfg = Release|Any CPU
		{94E835A0-0CAB-4E11-8CEB-5DFF6353CE4B}.Release|Any CPU.Build.0 = Release|Any CPU
	EndGlobalSection
	GlobalSection(SolutionProperties) = preSolution
		HideSolutionNode = FALSE
	EndGlobalSection
EndGlobal
